
Microsoft Visual Studio Solution File, Format Version 12.00
# Visual Studio Version 17
VisualStudioVersion = 17.6.33815.320
MinimumVisualStudioVersion = 10.0.40219.1
Project("{FAE04EC0-301F-11D3-BF4B-00C04F79EFBC}") = "konsole_Ibrahimi", "konsole_Ibrahimi\konsole_Ibrahimi.csproj", "{ECC80358-15A4-4BE4-95B1-738DE87C3A78}"
EndProject
Global
	GlobalSection(SolutionConfigurationPlatforms) = preSolution
		Debug|Any CPU = Debug|Any CPU
		Release|Any CPU = Release|Any CPU
	EndGlobalSection
	GlobalSection(ProjectConfigurationPlatforms) = postSolution
		{ECC80358-15A4-4BE4-95B1-738DE87C3A78}.Debug|Any CPU.ActiveCfg = Debug|Any CPU
		{ECC80358-15A4-4BE4-95B1-738DE87C3A78}.Debug|Any CPU.Build.0 = Debug|Any CPU
		{ECC80358-15A4-4BE4-95B1-738DE87C3A78}.Release|Any CPU.ActiveCfg = Release|Any CPU
		{ECC80358-15A4-4BE4-95B1-738DE87C3A78}.Release|Any CPU.Build.0 = Release|Any CPU
	EndGlobalSection
	GlobalSection(SolutionProperties) = preSolution
		HideSolutionNode = FALSE
	EndGlobalSection
	GlobalSection(ExtensibilityGlobals) = postSolution
		SolutionGuid = {1A417A38-E099-40A8-9E45-4C878A709921}
	EndGlobalSection
EndGlobal
